
Microsoft Visual Studio Solution File, Format Version 12.00
# Visual Studio 15
VisualStudioVersion = 15.0.28307.757
MinimumVisualStudioVersion = 10.0.40219.1
Project("{FAE04EC0-301F-11D3-BF4B-00C04F79EFBC}") = "Senai.LanHouse.Web.Razor", "Senai.LanHouse.Web.Razor\Senai.LanHouse.Web.Razor.csproj", "{5850A330-463E-4F48-A5CA-F8B20D5B24A5}"
EndProject
Global
	GlobalSection(SolutionConfigurationPlatforms) = preSolution
		Debug|Any CPU = Debug|Any CPU
		Release|Any CPU = Release|Any CPU
	EndGlobalSection
	GlobalSection(ProjectConfigurationPlatforms) = postSolution
		{5850A330-463E-4F48-A5CA-F8B20D5B24A5}.Debug|Any CPU.ActiveCfg = Debug|Any CPU
		{5850A330-463E-4F48-A5CA-F8B20D5B24A5}.Debug|Any CPU.Build.0 = Debug|Any CPU
		{5850A330-463E-4F48-A5CA-F8B20D5B24A5}.Release|Any CPU.ActiveCfg = Release|Any CPU
		{5850A330-463E-4F48-A5CA-F8B20D5B24A5}.Release|Any CPU.Build.0 = Release|Any CPU
	EndGlobalSection
	GlobalSection(SolutionProperties) = preSolution
		HideSolutionNode = FALSE
	EndGlobalSection
	GlobalSection(ExtensibilityGlobals) = postSolution
		SolutionGuid = {86005725-FE5D-4AE8-B504-7D0D73E16368}
	EndGlobalSection
EndGlobal
